
Microsoft Visual Studio Solution File, Format Version 12.00
# Visual Studio 15
VisualStudioVersion = 15.0.27004.2000
MinimumVisualStudioVersion = 10.0.40219.1
Project("{9A19103F-16F7-4668-BE54-9A1E7A4F7556}") = "DalSoft.SpecFlow.Extensions", "DalSoft.SpecFlow.Extensions\DalSoft.SpecFlow.Extensions.csproj", "{A320E696-C37A-42DE-8CE9-10D473F4B129}"
EndProject
Global
	GlobalSection(SolutionConfigurationPlatforms) = preSolution
		Debug|Any CPU = Debug|Any CPU
		Release|Any CPU = Release|Any CPU
	EndGlobalSection
	GlobalSection(ProjectConfigurationPlatforms) = postSolution
		{A320E696-C37A-42DE-8CE9-10D473F4B129}.Debug|Any CPU.ActiveCfg = Debug|Any CPU
		{A320E696-C37A-42DE-8CE9-10D473F4B129}.Debug|Any CPU.Build.0 = Debug|Any CPU
		{A320E696-C37A-42DE-8CE9-10D473F4B129}.Release|Any CPU.ActiveCfg = Release|Any CPU
		{A320E696-C37A-42DE-8CE9-10D473F4B129}.Release|Any CPU.Build.0 = Release|Any CPU
	EndGlobalSection
	GlobalSection(SolutionProperties) = preSolution
		HideSolutionNode = FALSE
	EndGlobalSection
	GlobalSection(ExtensibilityGlobals) = postSolution
		SolutionGuid = {47BFB4C2-0306-4BE4-96E4-936FAB5FA3FE}
	EndGlobalSection
EndGlobal
